
Microsoft Visual Studio Solution File, Format Version 12.00
# Visual Studio Version 17
VisualStudioVersion = 17.3.32922.545
MinimumVisualStudioVersion = 10.0.40219.1
Project("{FAE04EC0-301F-11D3-BF4B-00C04F79EFBC}") = "QuanLyCongDanThanhPho", "QuanLyCongDanThanhPho\QuanLyCongDanThanhPho.csproj", "{CE0EC75C-4A55-43BA-AEA8-06893B9B5959}"
EndProject
Global
	GlobalSection(SolutionConfigurationPlatforms) = preSolution
		Debug|Any CPU = Debug|Any CPU
		Release|Any CPU = Release|Any CPU
	EndGlobalSection
	GlobalSection(ProjectConfigurationPlatforms) = postSolution
		{CE0EC75C-4A55-43BA-AEA8-06893B9B5959}.Debug|Any CPU.ActiveCfg = Debug|Any CPU
		{CE0EC75C-4A55-43BA-AEA8-06893B9B5959}.Debug|Any CPU.Build.0 = Debug|Any CPU
		{CE0EC75C-4A55-43BA-AEA8-06893B9B5959}.Release|Any CPU.ActiveCfg = Release|Any CPU
		{CE0EC75C-4A55-43BA-AEA8-06893B9B5959}.Release|Any CPU.Build.0 = Release|Any CPU
	EndGlobalSection
	GlobalSection(SolutionProperties) = preSolution
		HideSolutionNode = FALSE
	EndGlobalSection
	GlobalSection(ExtensibilityGlobals) = postSolution
		SolutionGuid = {3C23DC4D-274F-4196-BA17-0E35EAD5C822}
	EndGlobalSection
EndGlobal
